
Microsoft Visual Studio Solution File, Format Version 12.00
# Visual Studio Version 17
VisualStudioVersion = 17.10.35122.118
MinimumVisualStudioVersion = 10.0.40219.1
Project("{2150E333-8FDC-42A3-9474-1A3956D46DE8}") = "Auth", "Auth", "{86554960-E05B-4C33-96FB-CE808AB4B2CC}"
EndProject
Project("{2150E333-8FDC-42A3-9474-1A3956D46DE8}") = "Shared", "Shared", "{6377027D-F9EB-48FF-B2B3-9A5C3CDAF35E}"
EndProject
Project("{2150E333-8FDC-42A3-9474-1A3956D46DE8}") = "Tenant", "Tenant", "{AE814EF2-D8C0-4A5F-9827-49E88E3CEB0B}"
EndProject
Project("{9A19103F-16F7-4668-BE54-9A1E7A4F7556}") = "Auth.Api", "Auth\Auth.Api\Auth.Api.csproj", "{0B7C070A-A4CD-48AC-A453-E2F2DF1F49B2}"
EndProject
Project("{9A19103F-16F7-4668-BE54-9A1E7A4F7556}") = "Tenant.Api", "Tenant\Tenant.Api\Tenant.Api.csproj", "{CD1064A4-AB0B-4199-8114-CF27E76E7EAF}"
EndProject
Project("{9A19103F-16F7-4668-BE54-9A1E7A4F7556}") = "Shared.Domain", "Shared\Shared.Domain\Shared.Domain.csproj", "{D6D3A3A9-6C0C-4A49-B30F-21D0976A43B6}"
EndProject
Project("{9A19103F-16F7-4668-BE54-9A1E7A4F7556}") = "Shared.Infrastructure", "Shared\Shared.Infrastructure\Shared.Infrastructure.csproj", "{6A386FCD-D8DA-4E27-A6AD-955D8B29A42D}"
EndProject
Project("{9A19103F-16F7-4668-BE54-9A1E7A4F7556}") = "Auth.Application", "Auth\Auth.Application\Auth.Application.csproj", "{BC78581C-CB38-40D2-8D5D-0F5BEBC3432E}"
EndProject
Project("{9A19103F-16F7-4668-BE54-9A1E7A4F7556}") = "Tenant.Application", "Tenant\Tenant.Application\Tenant.Application.csproj", "{F8C420B6-687A-415B-A7E5-F791C3D22863}"
EndProject
Project("{9A19103F-16F7-4668-BE54-9A1E7A4F7556}") = "Auth.Infrastructure", "Auth\Auth.Infrastructure\Auth.Infrastructure.csproj", "{55887E3C-2B2F-4015-BC8F-BC42887E1EB7}"
EndProject
Project("{9A19103F-16F7-4668-BE54-9A1E7A4F7556}") = "Tenant.Infrastructure", "Tenant\Tenant.Infrastructure\Tenant.Infrastructure.csproj", "{47C51A94-7A6B-458B-B97B-F01CA1AD97D8}"
EndProject
Project("{9A19103F-16F7-4668-BE54-9A1E7A4F7556}") = "Shared.Application", "Shared\Shared.Application\Shared.Application.csproj", "{B30EF0D2-104B-40D8-9212-A29B2F9647DD}"
EndProject
Project("{2150E333-8FDC-42A3-9474-1A3956D46DE8}") = "Test", "Test", "{835FEA01-C18D-4D0F-A88D-13CDBCE96DC7}"
EndProject
Project("{9A19103F-16F7-4668-BE54-9A1E7A4F7556}") = "NUnit.MenuTest", "Test\NUnit.MenuTest\NUnit.MenuTest.csproj", "{D6E0DFAE-34B2-4122-ADF7-EA0947EC1D5B}"
EndProject
Project("{9A19103F-16F7-4668-BE54-9A1E7A4F7556}") = "Shared.HealthCheck", "Shared\Shared.HealthCheck\Shared.HealthCheck.csproj", "{9A25971E-DD78-4DC5-80BC-B9A4094CDF67}"
EndProject
Project("{9A19103F-16F7-4668-BE54-9A1E7A4F7556}") = "Auth.Job", "Auth\Auth.Job\Auth.Job.csproj", "{EB9AB31F-2411-432E-9856-6909DC3CD9C7}"
EndProject
Project("{2150E333-8FDC-42A3-9474-1A3956D46DE8}") = "Database", "Database", "{E3F31724-B14F-4C83-9052-0F6A14FF011E}"
EndProject
Project("{9A19103F-16F7-4668-BE54-9A1E7A4F7556}") = "Database.EventGateway", "Database\Database.EventGateway\Database.EventGateway.csproj", "{8075E8AE-7355-4AD4-A7FB-54EFCD4F0200}"
EndProject
Project("{9A19103F-16F7-4668-BE54-9A1E7A4F7556}") = "Shared.Stream", "Shared\Shared.Stream\Shared.Stream.csproj", "{7F76A1CC-4D32-403A-B0E6-B9CF09D8171D}"
EndProject
Global
	GlobalSection(SolutionConfigurationPlatforms) = preSolution
		Debug|Any CPU = Debug|Any CPU
		Release|Any CPU = Release|Any CPU
	EndGlobalSection
	GlobalSection(ProjectConfigurationPlatforms) = postSolution
		{0B7C070A-A4CD-48AC-A453-E2F2DF1F49B2}.Debug|Any CPU.ActiveCfg = Debug|Any CPU
		{0B7C070A-A4CD-48AC-A453-E2F2DF1F49B2}.Debug|Any CPU.Build.0 = Debug|Any CPU
		{0B7C070A-A4CD-48AC-A453-E2F2DF1F49B2}.Release|Any CPU.ActiveCfg = Release|Any CPU
		{0B7C070A-A4CD-48AC-A453-E2F2DF1F49B2}.Release|Any CPU.Build.0 = Release|Any CPU
		{CD1064A4-AB0B-4199-8114-CF27E76E7EAF}.Debug|Any CPU.ActiveCfg = Debug|Any CPU
		{CD1064A4-AB0B-4199-8114-CF27E76E7EAF}.Debug|Any CPU.Build.0 = Debug|Any CPU
		{CD1064A4-AB0B-4199-8114-CF27E76E7EAF}.Release|Any CPU.ActiveCfg = Release|Any CPU
		{CD1064A4-AB0B-4199-8114-CF27E76E7EAF}.Release|Any CPU.Build.0 = Release|Any CPU
		{D6D3A3A9-6C0C-4A49-B30F-21D0976A43B6}.Debug|Any CPU.ActiveCfg = Debug|Any CPU
		{D6D3A3A9-6C0C-4A49-B30F-21D0976A43B6}.Debug|Any CPU.Build.0 = Debug|Any CPU
		{D6D3A3A9-6C0C-4A49-B30F-21D0976A43B6}.Release|Any CPU.ActiveCfg = Release|Any CPU
		{D6D3A3A9-6C0C-4A49-B30F-21D0976A43B6}.Release|Any CPU.Build.0 = Release|Any CPU
		{6A386FCD-D8DA-4E27-A6AD-955D8B29A42D}.Debug|Any CPU.ActiveCfg = Debug|Any CPU
		{6A386FCD-D8DA-4E27-A6AD-955D8B29A42D}.Debug|Any CPU.Build.0 = Debug|Any CPU
		{6A386FCD-D8DA-4E27-A6AD-955D8B29A42D}.Release|Any CPU.ActiveCfg = Release|Any CPU
		{6A386FCD-D8DA-4E27-A6AD-955D8B29A42D}.Release|Any CPU.Build.0 = Release|Any CPU
		{BC78581C-CB38-40D2-8D5D-0F5BEBC3432E}.Debug|Any CPU.ActiveCfg = Debug|Any CPU
		{BC78581C-CB38-40D2-8D5D-0F5BEBC3432E}.Debug|Any CPU.Build.0 = Debug|Any CPU
		{BC78581C-CB38-40D2-8D5D-0F5BEBC3432E}.Release|Any CPU.ActiveCfg = Release|Any CPU
		{BC78581C-CB38-40D2-8D5D-0F5BEBC3432E}.Release|Any CPU.Build.0 = Release|Any CPU
		{F8C420B6-687A-415B-A7E5-F791C3D22863}.Debug|Any CPU.ActiveCfg = Debug|Any CPU
		{F8C420B6-687A-415B-A7E5-F791C3D22863}.Debug|Any CPU.Build.0 = Debug|Any CPU
		{F8C420B6-687A-415B-A7E5-F791C3D22863}.Release|Any CPU.ActiveCfg = Release|Any CPU
		{F8C420B6-687A-415B-A7E5-F791C3D22863}.Release|Any CPU.Build.0 = Release|Any CPU
		{55887E3C-2B2F-4015-BC8F-BC42887E1EB7}.Debug|Any CPU.ActiveCfg = Debug|Any CPU
		{55887E3C-2B2F-4015-BC8F-BC42887E1EB7}.Debug|Any CPU.Build.0 = Debug|Any CPU
		{55887E3C-2B2F-4015-BC8F-BC42887E1EB7}.Release|Any CPU.ActiveCfg = Release|Any CPU
		{55887E3C-2B2F-4015-BC8F-BC42887E1EB7}.Release|Any CPU.Build.0 = Release|Any CPU
		{47C51A94-7A6B-458B-B97B-F01CA1AD97D8}.Debug|Any CPU.ActiveCfg = Debug|Any CPU
		{47C51A94-7A6B-458B-B97B-F01CA1AD97D8}.Debug|Any CPU.Build.0 = Debug|Any CPU
		{47C51A94-7A6B-458B-B97B-F01CA1AD97D8}.Release|Any CPU.ActiveCfg = Release|Any CPU
		{47C51A94-7A6B-458B-B97B-F01CA1AD97D8}.Release|Any CPU.Build.0 = Release|Any CPU
		{B30EF0D2-104B-40D8-9212-A29B2F9647DD}.Debug|Any CPU.ActiveCfg = Debug|Any CPU
		{B30EF0D2-104B-40D8-9212-A29B2F9647DD}.Debug|Any CPU.Build.0 = Debug|Any CPU
		{B30EF0D2-104B-40D8-9212-A29B2F9647DD}.Release|Any CPU.ActiveCfg = Release|Any CPU
		{B30EF0D2-104B-40D8-9212-A29B2F9647DD}.Release|Any CPU.Build.0 = Release|Any CPU
		{D6E0DFAE-34B2-4122-ADF7-EA0947EC1D5B}.Debug|Any CPU.ActiveCfg = Debug|Any CPU
		{D6E0DFAE-34B2-4122-ADF7-EA0947EC1D5B}.Debug|Any CPU.Build.0 = Debug|Any CPU
		{D6E0DFAE-34B2-4122-ADF7-EA0947EC1D5B}.Release|Any CPU.ActiveCfg = Release|Any CPU
		{D6E0DFAE-34B2-4122-ADF7-EA0947EC1D5B}.Release|Any CPU.Build.0 = Release|Any CPU
		{9A25971E-DD78-4DC5-80BC-B9A4094CDF67}.Debug|Any CPU.ActiveCfg = Debug|Any CPU
		{9A25971E-DD78-4DC5-80BC-B9A4094CDF67}.Debug|Any CPU.Build.0 = Debug|Any CPU
		{9A25971E-DD78-4DC5-80BC-B9A4094CDF67}.Release|Any CPU.ActiveCfg = Release|Any CPU
		{9A25971E-DD78-4DC5-80BC-B9A4094CDF67}.Release|Any CPU.Build.0 = Release|Any CPU
		{EB9AB31F-2411-432E-9856-6909DC3CD9C7}.Debug|Any CPU.ActiveCfg = Debug|Any CPU
		{EB9AB31F-2411-432E-9856-6909DC3CD9C7}.Debug|Any CPU.Build.0 = Debug|Any CPU
		{EB9AB31F-2411-432E-9856-6909DC3CD9C7}.Release|Any CPU.ActiveCfg = Release|Any CPU
		{EB9AB31F-2411-432E-9856-6909DC3CD9C7}.Release|Any CPU.Build.0 = Release|Any CPU
		{8075E8AE-7355-4AD4-A7FB-54EFCD4F0200}.Debug|Any CPU.ActiveCfg = Debug|Any CPU
		{8075E8AE-7355-4AD4-A7FB-54EFCD4F0200}.Debug|Any CPU.Build.0 = Debug|Any CPU
		{8075E8AE-7355-4AD4-A7FB-54EFCD4F0200}.Release|Any CPU.ActiveCfg = Release|Any CPU
		{8075E8AE-7355-4AD4-A7FB-54EFCD4F0200}.Release|Any CPU.Build.0 = Release|Any CPU
		{7F76A1CC-4D32-403A-B0E6-B9CF09D8171D}.Debug|Any CPU.ActiveCfg = Debug|Any CPU
		{7F76A1CC-4D32-403A-B0E6-B9CF09D8171D}.Debug|Any CPU.Build.0 = Debug|Any CPU
		{7F76A1CC-4D32-403A-B0E6-B9CF09D8171D}.Release|Any CPU.ActiveCfg = Release|Any CPU
		{7F76A1CC-4D32-403A-B0E6-B9CF09D8171D}.Release|Any CPU.Build.0 = Release|Any CPU
	EndGlobalSection
	GlobalSection(SolutionProperties) = preSolution
		HideSolutionNode = FALSE
	EndGlobalSection
	GlobalSection(NestedProjects) = preSolution
		{0B7C070A-A4CD-48AC-A453-E2F2DF1F49B2} = {86554960-E05B-4C33-96FB-CE808AB4B2CC}
		{CD1064A4-AB0B-4199-8114-CF27E76E7EAF} = {AE814EF2-D8C0-4A5F-9827-49E88E3CEB0B}
		{D6D3A3A9-6C0C-4A49-B30F-21D0976A43B6} = {6377027D-F9EB-48FF-B2B3-9A5C3CDAF35E}
		{6A386FCD-D8DA-4E27-A6AD-955D8B29A42D} = {6377027D-F9EB-48FF-B2B3-9A5C3CDAF35E}
		{BC78581C-CB38-40D2-8D5D-0F5BEBC3432E} = {86554960-E05B-4C33-96FB-CE808AB4B2CC}
		{F8C420B6-687A-415B-A7E5-F791C3D22863} = {AE814EF2-D8C0-4A5F-9827-49E88E3CEB0B}
		{55887E3C-2B2F-4015-BC8F-BC42887E1EB7} = {86554960-E05B-4C33-96FB-CE808AB4B2CC}
		{47C51A94-7A6B-458B-B97B-F01CA1AD97D8} = {AE814EF2-D8C0-4A5F-9827-49E88E3CEB0B}
		{B30EF0D2-104B-40D8-9212-A29B2F9647DD} = {6377027D-F9EB-48FF-B2B3-9A5C3CDAF35E}
		{D6E0DFAE-34B2-4122-ADF7-EA0947EC1D5B} = {835FEA01-C18D-4D0F-A88D-13CDBCE96DC7}
		{9A25971E-DD78-4DC5-80BC-B9A4094CDF67} = {6377027D-F9EB-48FF-B2B3-9A5C3CDAF35E}
		{EB9AB31F-2411-432E-9856-6909DC3CD9C7} = {86554960-E05B-4C33-96FB-CE808AB4B2CC}
		{8075E8AE-7355-4AD4-A7FB-54EFCD4F0200} = {E3F31724-B14F-4C83-9052-0F6A14FF011E}
		{7F76A1CC-4D32-403A-B0E6-B9CF09D8171D} = {6377027D-F9EB-48FF-B2B3-9A5C3CDAF35E}
	EndGlobalSection
	GlobalSection(ExtensibilityGlobals) = postSolution
		SolutionGuid = {09710863-5F80-4F4F-B9F9-FE945B079D00}
	EndGlobalSection
EndGlobal
